
Microsoft Visual Studio Solution File, Format Version 12.00
# Visual Studio Version 17
VisualStudioVersion = 17.6.33829.357
MinimumVisualStudioVersion = 10.0.40219.1
Project("{FAE04EC0-301F-11D3-BF4B-00C04F79EFBC}") = "API", "API\API.csproj", "{7A87166D-C72C-4EEA-B579-ECC98F64BEA8}"
EndProject
Global
	GlobalSection(SolutionConfigurationPlatforms) = preSolution
		Debug|Any CPU = Debug|Any CPU
		Release|Any CPU = Release|Any CPU
	EndGlobalSection
	GlobalSection(ProjectConfigurationPlatforms) = postSolution
		{7A87166D-C72C-4EEA-B579-ECC98F64BEA8}.Debug|Any CPU.ActiveCfg = Debug|Any CPU
		{7A87166D-C72C-4EEA-B579-ECC98F64BEA8}.Debug|Any CPU.Build.0 = Debug|Any CPU
		{7A87166D-C72C-4EEA-B579-ECC98F64BEA8}.Release|Any CPU.ActiveCfg = Release|Any CPU
		{7A87166D-C72C-4EEA-B579-ECC98F64BEA8}.Release|Any CPU.Build.0 = Release|Any CPU
	EndGlobalSection
	GlobalSection(SolutionProperties) = preSolution
		HideSolutionNode = FALSE
	EndGlobalSection
	GlobalSection(ExtensibilityGlobals) = postSolution
		SolutionGuid = {92E4E978-63F0-4706-83D7-29111B2099F5}
	EndGlobalSection
EndGlobal
